{
  "name": "trip-planner",
  "lockfileVersion": 3,
  "requires": true,
  "packages": {
    "": {
      "name": "trip-planner",
      "dependencies": {
        "undici": "^7.29.1"
      },
      "engines": {
        "node": ">=22"
      }
    },
    "node_modules/undici": {
      "version": "7.29.1",
      "resolved": "https://registry.npmmirror.com/undici/-/undici-7.29.1.tgz",
      "integrity": "sha512-RYONW2MeafgYlkVOKYKkA/Ag7BmXqgIWCa8t1m0JcxrQg9pI9lEqRhAOruOBCbAohOa/gkCF+iPi9hrgvTzu6Q==",
      "license": "MIT",
      "engines": {
        "node": ">=20.18.1"
      }
    }
  }
}
